// !$*UTF8*$!
{
	archiveVersion = 1;
	classes = {
	};
	objectVersion = 56;
	objects = {

/* Begin PBXBuildFile section */
		A10000000000000000000001 /* DoorlineApp.swift in Sources */ = {isa = PBXBuildFile; fileRef = A20000000000000000000001; };
		A10000000000000000000002 /* HomeStore.swift in Sources */ = {isa = PBXBuildFile; fileRef = A20000000000000000000002; };
		A10000000000000000000003 /* EntranceView.swift in Sources */ = {isa = PBXBuildFile; fileRef = A20000000000000000000003; };
		A10000000000000000000004 /* DoorIntents.swift in Sources */ = {isa = PBXBuildFile; fileRef = A20000000000000000000004; };
		A10000000000000000000005 /* Theme.swift in Sources */ = {isa = PBXBuildFile; fileRef = A20000000000000000000005; };
		A10000000000000000000006 /* Assets.xcassets in Resources */ = {isa = PBXBuildFile; fileRef = A20000000000000000000006; };
		A10000000000000000000012 /* C300XCodec.swift in Sources */ = {isa = PBXBuildFile; fileRef = A20000000000000000000012; };
		A10000000000000000000013 /* Classe300XSession.swift in Sources */ = {isa = PBXBuildFile; fileRef = A20000000000000000000013; };
		A10000000000000000000014 /* DoorGlass.swift in Sources */ = {isa = PBXBuildFile; fileRef = A20000000000000000000014; };
		A10000000000000000000015 /* Classe300XView.swift in Sources */ = {isa = PBXBuildFile; fileRef = A20000000000000000000015; };
		A10000000000000000000016 /* DoorEntrySignIn.swift in Sources */ = {isa = PBXBuildFile; fileRef = A20000000000000000000016; };
		A10000000000000000000020 /* Classe300XSessionTests.swift in Sources */ = {isa = PBXBuildFile; fileRef = A20000000000000000000020; };
/* End PBXBuildFile section */

/* Begin PBXFileReference section */
		A20000000000000000000001 /* DoorlineApp.swift */ = {isa = PBXFileReference; lastKnownFileType = sourcecode.swift; path = DoorlineApp.swift; sourceTree = "<group>"; };
		A20000000000000000000002 /* HomeStore.swift */ = {isa = PBXFileReference; lastKnownFileType = sourcecode.swift; path = HomeStore.swift; sourceTree = "<group>"; };
		A20000000000000000000003 /* EntranceView.swift */ = {isa = PBXFileReference; lastKnownFileType = sourcecode.swift; path = EntranceView.swift; sourceTree = "<group>"; };
		A20000000000000000000004 /* DoorIntents.swift */ = {isa = PBXFileReference; lastKnownFileType = sourcecode.swift; path = DoorIntents.swift; sourceTree = "<group>"; };
		A20000000000000000000005 /* Theme.swift */ = {isa = PBXFileReference; lastKnownFileType = sourcecode.swift; path = Theme.swift; sourceTree = "<group>"; };
		A20000000000000000000006 /* Assets.xcassets */ = {isa = PBXFileReference; lastKnownFileType = folder.assetcatalog; path = Assets.xcassets; sourceTree = "<group>"; };
		A20000000000000000000007 /* Doorline.entitlements */ = {isa = PBXFileReference; lastKnownFileType = text.plist.entitlements; path = Doorline.entitlements; sourceTree = "<group>"; };
		A20000000000000000000008 /* Doorline.app */ = {isa = PBXFileReference; explicitFileType = wrapper.application; includeInIndex = 0; path = Doorline.app; sourceTree = BUILT_PRODUCTS_DIR; };
		A20000000000000000000012 /* C300XCodec.swift */ = {isa = PBXFileReference; lastKnownFileType = sourcecode.swift; path = C300XCodec.swift; sourceTree = "<group>"; };
		A20000000000000000000013 /* Classe300XSession.swift */ = {isa = PBXFileReference; lastKnownFileType = sourcecode.swift; path = Classe300XSession.swift; sourceTree = "<group>"; };
		A20000000000000000000014 /* DoorGlass.swift */ = {isa = PBXFileReference; lastKnownFileType = sourcecode.swift; path = DoorGlass.swift; sourceTree = "<group>"; };
		A20000000000000000000015 /* Classe300XView.swift */ = {isa = PBXFileReference; lastKnownFileType = sourcecode.swift; path = Classe300XView.swift; sourceTree = "<group>"; };
		A20000000000000000000016 /* DoorEntrySignIn.swift */ = {isa = PBXFileReference; lastKnownFileType = sourcecode.swift; path = DoorEntrySignIn.swift; sourceTree = "<group>"; };
		A20000000000000000000020 /* Classe300XSessionTests.swift */ = {isa = PBXFileReference; lastKnownFileType = sourcecode.swift; path = Classe300XSessionTests.swift; sourceTree = "<group>"; };
		A20000000000000000000021 /* DoorlineTests.xctest */ = {isa = PBXFileReference; explicitFileType = wrapper.cfbundle; includeInIndex = 0; path = DoorlineTests.xctest; sourceTree = BUILT_PRODUCTS_DIR; };
/* End PBXFileReference section */

/* Begin PBXContainerItemProxy section */
		A11000000000000000000001 /* PBXContainerItemProxy */ = {
			isa = PBXContainerItemProxy;
			containerPortal = A80000000000000000000001 /* Project object */;
			proxyType = 1;
			remoteGlobalIDString = A50000000000000000000001;
			remoteInfo = Doorline;
		};
/* End PBXContainerItemProxy section */

/* Begin PBXFrameworksBuildPhase section */
		A30000000000000000000001 /* Frameworks */ = {
			isa = PBXFrameworksBuildPhase;
			buildActionMask = 2147483647;
			files = (
			);
			runOnlyForDeploymentPostprocessing = 0;
		};
		A30000000000000000000002 /* Frameworks */ = {
			isa = PBXFrameworksBuildPhase;
			buildActionMask = 2147483647;
			files = (
			);
			runOnlyForDeploymentPostprocessing = 0;
		};
/* End PBXFrameworksBuildPhase section */

/* Begin PBXGroup section */
		A40000000000000000000001 = {
			isa = PBXGroup;
			children = (
				A40000000000000000000002 /* Doorline */,
				A40000000000000000000004 /* DoorlineTests */,
				A40000000000000000000003 /* Products */,
			);
			sourceTree = "<group>";
		};
		A40000000000000000000002 /* Doorline */ = {
			isa = PBXGroup;
			children = (
				A20000000000000000000001 /* DoorlineApp.swift */,
				A20000000000000000000002 /* HomeStore.swift */,
				A20000000000000000000003 /* EntranceView.swift */,
				A20000000000000000000004 /* DoorIntents.swift */,
				A20000000000000000000005 /* Theme.swift */,
				A20000000000000000000012 /* C300XCodec.swift */,
				A20000000000000000000013 /* Classe300XSession.swift */,
				A20000000000000000000014 /* DoorGlass.swift */,
				A20000000000000000000015 /* Classe300XView.swift */,
				A20000000000000000000016 /* DoorEntrySignIn.swift */,
				A20000000000000000000006 /* Assets.xcassets */,
				A20000000000000000000007 /* Doorline.entitlements */,
			);
			path = Doorline;
			sourceTree = "<group>";
		};
		A40000000000000000000003 /* Products */ = {
			isa = PBXGroup;
			children = (
				A20000000000000000000008 /* Doorline.app */,
				A20000000000000000000021 /* DoorlineTests.xctest */,
			);
			name = Products;
			sourceTree = "<group>";
		};
		A40000000000000000000004 /* DoorlineTests */ = {
			isa = PBXGroup;
			children = (
				A20000000000000000000020 /* Classe300XSessionTests.swift */,
			);
			path = DoorlineTests;
			sourceTree = "<group>";
		};
/* End PBXGroup section */

/* Begin PBXNativeTarget section */
		A50000000000000000000001 /* Doorline */ = {
			isa = PBXNativeTarget;
			buildConfigurationList = A70000000000000000000003 /* Build configuration list for PBXNativeTarget "Doorline" */;
			buildPhases = (
				A60000000000000000000001 /* Sources */,
				A30000000000000000000001 /* Frameworks */,
				A60000000000000000000002 /* Resources */,
			);
			buildRules = (
			);
			dependencies = (
			);
			name = Doorline;
			productName = Doorline;
			productReference = A20000000000000000000008 /* Doorline.app */;
			productType = "com.apple.product-type.application";
		};
		A50000000000000000000002 /* DoorlineTests */ = {
			isa = PBXNativeTarget;
			buildConfigurationList = A70000000000000000000004 /* Build configuration list for PBXNativeTarget "DoorlineTests" */;
			buildPhases = (
				A60000000000000000000003 /* Sources */,
				A30000000000000000000002 /* Frameworks */,
			);
			buildRules = (
			);
			dependencies = (
				A12000000000000000000001 /* PBXTargetDependency */,
			);
			name = DoorlineTests;
			productName = DoorlineTests;
			productReference = A20000000000000000000021 /* DoorlineTests.xctest */;
			productType = "com.apple.product-type.bundle.unit-test";
		};
/* End PBXNativeTarget section */

/* Begin PBXProject section */
		A80000000000000000000001 /* Project object */ = {
			isa = PBXProject;
			attributes = {
				BuildIndependentTargetsInParallel = 1;
				LastUpgradeCheck = 1600;
				TargetAttributes = {
					A50000000000000000000001 = {
						CreatedOnToolsVersion = 16.0;
					};
					A50000000000000000000002 = {
						CreatedOnToolsVersion = 16.0;
						TestTargetID = A50000000000000000000001;
					};
				};
			};
			buildConfigurationList = A70000000000000000000001 /* Build configuration list for PBXProject "Doorline" */;
			compatibilityVersion = "Xcode 14.0";
			developmentRegion = en;
			hasScannedForEncodings = 0;
			knownRegions = (
				en,
				Base,
			);
			mainGroup = A40000000000000000000001;
			productRefGroup = A40000000000000000000003 /* Products */;
			projectDirPath = "";
			projectRoot = "";
			targets = (
				A50000000000000000000001 /* Doorline */,
				A50000000000000000000002 /* DoorlineTests */,
			);
		};
/* End PBXProject section */

/* Begin PBXResourcesBuildPhase section */
		A60000000000000000000002 /* Resources */ = {
			isa = PBXResourcesBuildPhase;
			buildActionMask = 2147483647;
			files = (
				A10000000000000000000006 /* Assets.xcassets in Resources */,
			);
			runOnlyForDeploymentPostprocessing = 0;
		};
/* End PBXResourcesBuildPhase section */

/* Begin PBXSourcesBuildPhase section */
		A60000000000000000000001 /* Sources */ = {
			isa = PBXSourcesBuildPhase;
			buildActionMask = 2147483647;
			files = (
				A10000000000000000000001 /* DoorlineApp.swift in Sources */,
				A10000000000000000000002 /* HomeStore.swift in Sources */,
				A10000000000000000000003 /* EntranceView.swift in Sources */,
				A10000000000000000000004 /* DoorIntents.swift in Sources */,
				A10000000000000000000005 /* Theme.swift in Sources */,
				A10000000000000000000012 /* C300XCodec.swift in Sources */,
				A10000000000000000000013 /* Classe300XSession.swift in Sources */,
				A10000000000000000000014 /* DoorGlass.swift in Sources */,
				A10000000000000000000015 /* Classe300XView.swift in Sources */,
				A10000000000000000000016 /* DoorEntrySignIn.swift in Sources */,
			);
			runOnlyForDeploymentPostprocessing = 0;
		};
		A60000000000000000000003 /* Sources */ = {
			isa = PBXSourcesBuildPhase;
			buildActionMask = 2147483647;
			files = (
				A10000000000000000000020 /* Classe300XSessionTests.swift in Sources */,
			);
			runOnlyForDeploymentPostprocessing = 0;
		};
/* End PBXSourcesBuildPhase section */

/* Begin PBXTargetDependency section */
		A12000000000000000000001 /* PBXTargetDependency */ = {
			isa = PBXTargetDependency;
			target = A50000000000000000000001 /* Doorline */;
			targetProxy = A11000000000000000000001 /* PBXContainerItemProxy */;
		};
/* End PBXTargetDependency section */

/* Begin XCBuildConfiguration section */
		A90000000000000000000001 /* Debug */ = {
			isa = XCBuildConfiguration;
			buildSettings = {
				ALWAYS_SEARCH_USER_PATHS = NO;
				ASSETCATALOG_COMPILER_GENERATE_SWIFT_ASSET_SYMBOL_EXTENSIONS = YES;
				CLANG_ENABLE_MODULES = YES;
				COPY_PHASE_STRIP = NO;
				DEBUG_INFORMATION_FORMAT = dwarf;
				ENABLE_STRICT_OBJC_MSGSEND = YES;
				ENABLE_TESTABILITY = YES;
				GCC_DYNAMIC_NO_PIC = NO;
				GCC_OPTIMIZATION_LEVEL = 0;
				IPHONEOS_DEPLOYMENT_TARGET = 17.0;
				MACOSX_DEPLOYMENT_TARGET = 14.0;
				ONLY_ACTIVE_ARCH = YES;
				SDKROOT = auto;
				SWIFT_ACTIVE_COMPILATION_CONDITIONS = "DEBUG $(inherited)";
				SWIFT_OPTIMIZATION_LEVEL = "-Onone";
			};
			name = Debug;
		};
		A90000000000000000000002 /* Release */ = {
			isa = XCBuildConfiguration;
			buildSettings = {
				ALWAYS_SEARCH_USER_PATHS = NO;
				ASSETCATALOG_COMPILER_GENERATE_SWIFT_ASSET_SYMBOL_EXTENSIONS = YES;
				CLANG_ENABLE_MODULES = YES;
				COPY_PHASE_STRIP = NO;
				DEBUG_INFORMATION_FORMAT = "dwarf-with-dsym";
				ENABLE_NS_ASSERTIONS = NO;
				ENABLE_STRICT_OBJC_MSGSEND = YES;
				IPHONEOS_DEPLOYMENT_TARGET = 17.0;
				MACOSX_DEPLOYMENT_TARGET = 14.0;
				SDKROOT = auto;
				SWIFT_COMPILATION_MODE = wholemodule;
				VALIDATE_PRODUCT = YES;
			};
			name = Release;
		};
		A90000000000000000000003 /* Debug */ = {
			isa = XCBuildConfiguration;
			buildSettings = {
				ASSETCATALOG_COMPILER_APPICON_NAME = AppIcon;
				ASSETCATALOG_COMPILER_GLOBAL_ACCENT_COLOR_NAME = AccentColor;
				CODE_SIGN_ENTITLEMENTS = Doorline/Doorline.entitlements;
				CODE_SIGN_STYLE = Automatic;
				CURRENT_PROJECT_VERSION = 1;
				ENABLE_PREVIEWS = YES;
				GENERATE_INFOPLIST_FILE = YES;
				INFOPLIST_KEY_CFBundleDisplayName = Doorline;
				INFOPLIST_KEY_LSApplicationCategoryType = "public.app-category.lifestyle";
				INFOPLIST_KEY_NSHomeKitUsageDescription = "Doorline reads and controls the lock, camera, and door sensor you already added in Home.";
				INFOPLIST_KEY_NSSiriUsageDescription = "Siri opens the door, locks it, and reads its status.";
				INFOPLIST_KEY_UIApplicationSceneManifest_Generation = YES;
				INFOPLIST_KEY_UILaunchScreen_Generation = YES;
				INFOPLIST_KEY_UISupportedInterfaceOrientations = "UIInterfaceOrientationPortrait UIInterfaceOrientationLandscapeLeft UIInterfaceOrientationLandscapeRight";
				INFOPLIST_KEY_UISupportedInterfaceOrientations_iPad = "UIInterfaceOrientationPortrait UIInterfaceOrientationPortraitUpsideDown UIInterfaceOrientationLandscapeLeft UIInterfaceOrientationLandscapeRight";
				LD_RUNPATH_SEARCH_PATHS = (
					"$(inherited)",
					"@executable_path/Frameworks",
				);
				MARKETING_VERSION = 1.0;
				PRODUCT_BUNDLE_IDENTIFIER = com.doorline.home;
				PRODUCT_NAME = "$(TARGET_NAME)";
				SUPPORTED_PLATFORMS = "iphoneos iphonesimulator macosx";
				SUPPORTS_MACCATALYST = NO;
				SWIFT_EMIT_LOC_STRINGS = YES;
				SWIFT_VERSION = 5.0;
				TARGETED_DEVICE_FAMILY = "1,2";
			};
			name = Debug;
		};
		A90000000000000000000004 /* Release */ = {
			isa = XCBuildConfiguration;
			buildSettings = {
				ASSETCATALOG_COMPILER_APPICON_NAME = AppIcon;
				ASSETCATALOG_COMPILER_GLOBAL_ACCENT_COLOR_NAME = AccentColor;
				CODE_SIGN_ENTITLEMENTS = Doorline/Doorline.entitlements;
				CODE_SIGN_STYLE = Automatic;
				CURRENT_PROJECT_VERSION = 1;
				ENABLE_PREVIEWS = YES;
				GENERATE_INFOPLIST_FILE = YES;
				INFOPLIST_KEY_CFBundleDisplayName = Doorline;
				INFOPLIST_KEY_LSApplicationCategoryType = "public.app-category.lifestyle";
				INFOPLIST_KEY_NSHomeKitUsageDescription = "Doorline reads and controls the lock, camera, and door sensor you already added in Home.";
				INFOPLIST_KEY_NSSiriUsageDescription = "Siri opens the door, locks it, and reads its status.";
				INFOPLIST_KEY_UIApplicationSceneManifest_Generation = YES;
				INFOPLIST_KEY_UILaunchScreen_Generation = YES;
				INFOPLIST_KEY_UISupportedInterfaceOrientations = "UIInterfaceOrientationPortrait UIInterfaceOrientationLandscapeLeft UIInterfaceOrientationLandscapeRight";
				INFOPLIST_KEY_UISupportedInterfaceOrientations_iPad = "UIInterfaceOrientationPortrait UIInterfaceOrientationPortraitUpsideDown UIInterfaceOrientationLandscapeLeft UIInterfaceOrientationLandscapeRight";
				LD_RUNPATH_SEARCH_PATHS = (
					"$(inherited)",
					"@executable_path/Frameworks",
				);
				MARKETING_VERSION = 1.0;
				PRODUCT_BUNDLE_IDENTIFIER = com.doorline.home;
				PRODUCT_NAME = "$(TARGET_NAME)";
				SUPPORTED_PLATFORMS = "iphoneos iphonesimulator macosx";
				SUPPORTS_MACCATALYST = NO;
				SWIFT_EMIT_LOC_STRINGS = YES;
				SWIFT_VERSION = 5.0;
				TARGETED_DEVICE_FAMILY = "1,2";
			};
			name = Release;
		};
		A90000000000000000000005 /* Debug */ = {
			isa = XCBuildConfiguration;
			buildSettings = {
				BUNDLE_LOADER = "$(TEST_HOST)";
				CODE_SIGNING_ALLOWED = NO;
				CODE_SIGNING_REQUIRED = NO;
				GENERATE_INFOPLIST_FILE = YES;
				IPHONEOS_DEPLOYMENT_TARGET = 17.0;
				MACOSX_DEPLOYMENT_TARGET = 14.0;
				PRODUCT_BUNDLE_IDENTIFIER = com.doorline.home.tests;
				PRODUCT_NAME = "$(TARGET_NAME)";
				SDKROOT = auto;
				SUPPORTED_PLATFORMS = "iphoneos iphonesimulator macosx";
				LD_RUNPATH_SEARCH_PATHS = (
					"$(inherited)",
					"@executable_path/Frameworks",
					"@loader_path/Frameworks",
				);
				SWIFT_EMIT_LOC_STRINGS = NO;
				SWIFT_VERSION = 5.0;
				TARGETED_DEVICE_FAMILY = "1,2";
				TEST_HOST = "$(BUILT_PRODUCTS_DIR)/Doorline.app/$(BUNDLE_EXECUTABLE_FOLDER_PATH)/Doorline";
			};
			name = Debug;
		};
		A90000000000000000000006 /* Release */ = {
			isa = XCBuildConfiguration;
			buildSettings = {
				BUNDLE_LOADER = "$(TEST_HOST)";
				CODE_SIGNING_ALLOWED = NO;
				CODE_SIGNING_REQUIRED = NO;
				GENERATE_INFOPLIST_FILE = YES;
				IPHONEOS_DEPLOYMENT_TARGET = 17.0;
				MACOSX_DEPLOYMENT_TARGET = 14.0;
				PRODUCT_BUNDLE_IDENTIFIER = com.doorline.home.tests;
				PRODUCT_NAME = "$(TARGET_NAME)";
				SDKROOT = auto;
				SUPPORTED_PLATFORMS = "iphoneos iphonesimulator macosx";
				LD_RUNPATH_SEARCH_PATHS = (
					"$(inherited)",
					"@executable_path/Frameworks",
					"@loader_path/Frameworks",
				);
				SWIFT_EMIT_LOC_STRINGS = NO;
				SWIFT_VERSION = 5.0;
				TARGETED_DEVICE_FAMILY = "1,2";
				TEST_HOST = "$(BUILT_PRODUCTS_DIR)/Doorline.app/$(BUNDLE_EXECUTABLE_FOLDER_PATH)/Doorline";
			};
			name = Release;
		};
/* End XCBuildConfiguration section */

/* Begin XCConfigurationList section */
		A70000000000000000000001 /* Build configuration list for PBXProject "Doorline" */ = {
			isa = XCConfigurationList;
			buildConfigurations = (
				A90000000000000000000001 /* Debug */,
				A90000000000000000000002 /* Release */,
			);
			defaultConfigurationIsVisible = 0;
			defaultConfigurationName = Release;
		};
		A70000000000000000000003 /* Build configuration list for PBXNativeTarget "Doorline" */ = {
			isa = XCConfigurationList;
			buildConfigurations = (
				A90000000000000000000003 /* Debug */,
				A90000000000000000000004 /* Release */,
			);
			defaultConfigurationIsVisible = 0;
			defaultConfigurationName = Release;
		};
		A70000000000000000000004 /* Build configuration list for PBXNativeTarget "DoorlineTests" */ = {
			isa = XCConfigurationList;
			buildConfigurations = (
				A90000000000000000000005 /* Debug */,
				A90000000000000000000006 /* Release */,
			);
			defaultConfigurationIsVisible = 0;
			defaultConfigurationName = Release;
		};
/* End XCConfigurationList section */
	};
	rootObject = A80000000000000000000001 /* Project object */;
}
